
Microsoft Visual Studio Solution File, Format Version 12.00
# Visual Studio Version 16
VisualStudioVersion = 16.0.30621.155
MinimumVisualStudioVersion = 10.0.40219.1
Project("{FAE04EC0-301F-11D3-BF4B-00C04F79EFBC}") = "Steinsvik", "Steinsvik.csproj", "{34B550FF-B2FB-4788-AB7E-1B8CDDD34AF2}"
EndProject
Project("{FAE04EC0-301F-11D3-BF4B-00C04F79EFBC}") = "SteinsvikDataProject", "..\SteinsvikDataProject\SteinsvikDataProject.csproj", "{AD0FEC8D-01C4-49AE-BDE3-B01688B6FD34}"
EndProject
Project("{FAE04EC0-301F-11D3-BF4B-00C04F79EFBC}") = "Enums", "..\Enums\Enums.csproj", "{5615962E-3AE2-4A62-9AC8-789964D15F0E}"
EndProject
Project("{FAE04EC0-301F-11D3-BF4B-00C04F79EFBC}") = "Services", "..\Services\Services.csproj", "{DCD309E3-9CA8-4700-9BD5-B6BBA39B895A}"
EndProject
Global
	GlobalSection(SolutionConfigurationPlatforms) = preSolution
		Debug|Any CPU = Debug|Any CPU
		Release|Any CPU = Release|Any CPU
	EndGlobalSection
	GlobalSection(ProjectConfigurationPlatforms) = postSolution
		{34B550FF-B2FB-4788-AB7E-1B8CDDD34AF2}.Debug|Any CPU.ActiveCfg = Debug|Any CPU
		{34B550FF-B2FB-4788-AB7E-1B8CDDD34AF2}.Debug|Any CPU.Build.0 = Debug|Any CPU
		{34B550FF-B2FB-4788-AB7E-1B8CDDD34AF2}.Release|Any CPU.ActiveCfg = Release|Any CPU
		{34B550FF-B2FB-4788-AB7E-1B8CDDD34AF2}.Release|Any CPU.Build.0 = Release|Any CPU
		{AD0FEC8D-01C4-49AE-BDE3-B01688B6FD34}.Debug|Any CPU.ActiveCfg = Debug|Any CPU
		{AD0FEC8D-01C4-49AE-BDE3-B01688B6FD34}.Debug|Any CPU.Build.0 = Debug|Any CPU
		{AD0FEC8D-01C4-49AE-BDE3-B01688B6FD34}.Release|Any CPU.ActiveCfg = Release|Any CPU
		{AD0FEC8D-01C4-49AE-BDE3-B01688B6FD34}.Release|Any CPU.Build.0 = Release|Any CPU
		{5615962E-3AE2-4A62-9AC8-789964D15F0E}.Debug|Any CPU.ActiveCfg = Debug|Any CPU
		{5615962E-3AE2-4A62-9AC8-789964D15F0E}.Debug|Any CPU.Build.0 = Debug|Any CPU
		{5615962E-3AE2-4A62-9AC8-789964D15F0E}.Release|Any CPU.ActiveCfg = Release|Any CPU
		{5615962E-3AE2-4A62-9AC8-789964D15F0E}.Release|Any CPU.Build.0 = Release|Any CPU
		{DCD309E3-9CA8-4700-9BD5-B6BBA39B895A}.Debug|Any CPU.ActiveCfg = Debug|Any CPU
		{DCD309E3-9CA8-4700-9BD5-B6BBA39B895A}.Debug|Any CPU.Build.0 = Debug|Any CPU
		{DCD309E3-9CA8-4700-9BD5-B6BBA39B895A}.Release|Any CPU.ActiveCfg = Release|Any CPU
		{DCD309E3-9CA8-4700-9BD5-B6BBA39B895A}.Release|Any CPU.Build.0 = Release|Any CPU
	EndGlobalSection
	GlobalSection(SolutionProperties) = preSolution
		HideSolutionNode = FALSE
	EndGlobalSection
	GlobalSection(ExtensibilityGlobals) = postSolution
		SolutionGuid = {97E442CE-E491-404F-B4E4-C5C0A594B3D8}
	EndGlobalSection
EndGlobal
